
Microsoft Visual Studio Solution File, Format Version 12.00
# Visual Studio Version 16
VisualStudioVersion = 16.0.31321.278
MinimumVisualStudioVersion = 10.0.40219.1
Project("{FAE04EC0-301F-11D3-BF4B-00C04F79EFBC}") = "Espor", "Espor\Espor.csproj", "{5B093312-0C25-4C63-9742-6026A676FE0D}"
EndProject
Global
	GlobalSection(SolutionConfigurationPlatforms) = preSolution
		Debug|Any CPU = Debug|Any CPU
		Release|Any CPU = Release|Any CPU
	EndGlobalSection
	GlobalSection(ProjectConfigurationPlatforms) = postSolution
		{5B093312-0C25-4C63-9742-6026A676FE0D}.Debug|Any CPU.ActiveCfg = Debug|Any CPU
		{5B093312-0C25-4C63-9742-6026A676FE0D}.Debug|Any CPU.Build.0 = Debug|Any CPU
		{5B093312-0C25-4C63-9742-6026A676FE0D}.Release|Any CPU.ActiveCfg = Release|Any CPU
		{5B093312-0C25-4C63-9742-6026A676FE0D}.Release|Any CPU.Build.0 = Release|Any CPU
	EndGlobalSection
	GlobalSection(SolutionProperties) = preSolution
		HideSolutionNode = FALSE
	EndGlobalSection
	GlobalSection(ExtensibilityGlobals) = postSolution
		SolutionGuid = {AA24D412-9508-4B48-B3F4-F7846FEB694B}
	EndGlobalSection
EndGlobal
